{
  "name": "frscript",
  "version": "2.8.0",
  "lockfileVersion": 3,
  "requires": true,
  "packages": {
    "": {
      "name": "frscript",
      "version": "2.8.0",
      "license": "PolyForm-Noncommercial-1.0.0",
      "dependencies": {
        "@vscode/debugadapter": "^1.68.0"
      },
      "devDependencies": {
        "@types/node": "^24.7.0",
        "@types/vscode": "^1.104.0",
        "@vscode/debugprotocol": "^1.68.0",
        "typescript": "^5.9.3",
        "vscode-oniguruma": "^2.0.1",
        "vscode-textmate": "^9.2.1"
      },
      "engines": {
        "vscode": "^1.104.0"
      }
    },
    "node_modules/@types/node": {
      "version": "24.7.0",
      "resolved": "https://registry.npmjs.org/@types/node/-/node-24.7.0.tgz",
      "integrity": "sha512-IbKooQVqUBrlzWTi79E8Fw78l8k1RNtlDDNWsFZs7XonuQSJ8oNYfEeclhprUldXISRMLzBpILuKgPlIxm+/Yw==",
      "dev": true,
      "license": "MIT",
      "dependencies": {
        "undici-types": "~7.14.0"
      }
    },
    "node_modules/@types/vscode": {
      "version": "1.104.0",
      "resolved": "https://registry.npmjs.org/@types/vscode/-/vscode-1.104.0.tgz",
      "integrity": "sha512-0KwoU2rZ2ecsTGFxo4K1+f+AErRsYW0fsp6A0zufzGuhyczc2IoKqYqcwXidKXmy2u8YB2GsYsOtiI9Izx3Tig==",
      "dev": true,
      "license": "MIT"
    },
    "node_modules/@vscode/debugadapter": {
      "version": "1.68.0",
      "resolved": "https://registry.npmjs.org/@vscode/debugadapter/-/debugadapter-1.68.0.tgz",
      "integrity": "sha512-D6gk5Fw2y4FV8oYmltoXpj+VAZexxJFopN/mcZ6YcgzQE9dgq2L45Aj3GLxScJOD6GeLILcxJIaA8l3v11esGg==",
      "license": "MIT",
      "dependencies": {
        "@vscode/debugprotocol": "1.68.0"
      },
      "engines": {
        "node": ">=14"
      }
    },
    "node_modules/@vscode/debugprotocol": {
      "version": "1.68.0",
      "resolved": "https://registry.npmjs.org/@vscode/debugprotocol/-/debugprotocol-1.68.0.tgz",
      "integrity": "sha512-2J27dysaXmvnfuhFGhfeuxfHRXunqNPxtBoR3koiTOA9rdxWNDTa1zIFLCFMSHJ9MPTPKFcBeblsyaCJCIlQxg==",
      "license": "MIT"
    },
    "node_modules/typescript": {
      "version": "5.9.3",
      "resolved": "https://registry.npmjs.org/typescript/-/typescript-5.9.3.tgz",
      "integrity": "sha512-jl1vZzPDinLr9eUt3J/t7V6FgNEw9QjvBPdysz9KfQDD41fQrC2Y4vKQdiaUpFT4bXlb1RHhLpp8wtm6M5TgSw==",
      "dev": true,
      "license": "Apache-2.0",
      "bin": {
        "tsc": "bin/tsc",
        "tsserver": "bin/tsserver"
      },
      "engines": {
        "node": ">=14.17"
      }
    },
    "node_modules/undici-types": {
      "version": "7.14.0",
      "resolved": "https://registry.npmjs.org/undici-types/-/undici-types-7.14.0.tgz",
      "integrity": "sha512-QQiYxHuyZ9gQUIrmPo3IA+hUl4KYk8uSA7cHrcKd/l3p1OTpZcM0Tbp9x7FAtXdAYhlasd60ncPpgu6ihG6TOA==",
      "dev": true,
      "license": "MIT"
    },
    "node_modules/vscode-oniguruma": {
      "version": "2.0.1",
      "resolved": "https://registry.npmjs.org/vscode-oniguruma/-/vscode-oniguruma-2.0.1.tgz",
      "integrity": "sha512-poJU8iHIWnC3vgphJnrLZyI3YdqRlR27xzqDmpPXYzA93R4Gk8z7T6oqDzDoHjoikA2aS82crdXFkjELCdJsjQ==",
      "dev": true,
      "license": "MIT"
    },
    "node_modules/vscode-textmate": {
      "version": "9.2.1",
      "resolved": "https://registry.npmjs.org/vscode-textmate/-/vscode-textmate-9.2.1.tgz",
      "integrity": "sha512-eXiUi2yYFv9bdvgrYtJynA7UemCEkpVNE50S9iBBA08LYG5t9+/TB+8IRS/YoYOubCez2OkSyZ1Q12eQMwzbrw==",
      "dev": true,
      "license": "MIT"
    }
  }
}
